
Microsoft Visual Studio Solution File, Format Version 12.00
# Visual Studio Version 16
VisualStudioVersion = 25.0.1703.3
MinimumVisualStudioVersion = 10.0.40219.1
Project("{FAE04EC0-301F-11D3-BF4B-00C04F79EFBC}") = "Рекурсия", "Рекурсия\Рекурсия.csproj", "{A4145CFA-C454-4BE7-AA4D-1EC9AABDDC99}"
EndProject
Global
	GlobalSection(SolutionConfigurationPlatforms) = preSolution
		Debug|Any CPU = Debug|Any CPU
		Release|Any CPU = Release|Any CPU
	EndGlobalSection
	GlobalSection(ProjectConfigurationPlatforms) = postSolution
		{A4145CFA-C454-4BE7-AA4D-1EC9AABDDC99}.Debug|Any CPU.ActiveCfg = Debug|Any CPU
		{A4145CFA-C454-4BE7-AA4D-1EC9AABDDC99}.Debug|Any CPU.Build.0 = Debug|Any CPU
		{A4145CFA-C454-4BE7-AA4D-1EC9AABDDC99}.Release|Any CPU.ActiveCfg = Release|Any CPU
		{A4145CFA-C454-4BE7-AA4D-1EC9AABDDC99}.Release|Any CPU.Build.0 = Release|Any CPU
	EndGlobalSection
	GlobalSection(SolutionProperties) = preSolution
		HideSolutionNode = FALSE
	EndGlobalSection
	GlobalSection(ExtensibilityGlobals) = postSolution
		SolutionGuid = {CFEE630E-EC5E-4C1D-B1C7-05D0112AEB8B}
	EndGlobalSection
EndGlobal
